{
    "_meta": {
        "hash": {
            "sha256": "659ea0118501abe55e47ae6be29f94821bd41768bc12fcc8333e6f886bb496cc"
        },
        "host-environment-markers": {
            "implementation_name": "cpython",
            "implementation_version": "3.6.5",
            "os_name": "posix",
            "platform_machine": "x86_64",
            "platform_python_implementation": "CPython",
            "platform_release": "4.19.66-gentoo",
            "platform_system": "Linux",
            "platform_version": "#1 SMP Sun Sep 22 09:54:34 BST 2019",
            "python_full_version": "3.6.5",
            "python_version": "3.6",
            "sys_platform": "linux"
        },
        "pipfile-spec": 6,
        "requires": {
            "python_version": "3.6"
        },
        "sources": [
            {
                "name": "pypi",
                "url": "https://pypi.org/simple",
                "verify_ssl": true
            }
        ]
    },
    "default": {
        "paho-mqtt": {
            "hashes": [],
            "version": "==1.4.0"
        }
    },
    "develop": {
        "appdirs": {
<<<<<<< HEAD
            "hashes": [
                "sha256:9e5896d1372858f8dd3344faf4e5014d21849c756c8d5701f78f8a103b372d92",
                "sha256:d8b24664561d0d34ddfaec54636d502d7cea6e29c3eaf68f3df6180863e2166e"
            ],
            "version": "==1.4.3"
        },
        "bleach": {
            "hashes": [
                "sha256:cc8da25076a1fe56c3ac63671e2194458e0c4d9c7becfd52ca251650d517903c",
                "sha256:e78e426105ac07026ba098f04de8abe9b6e3e98b5befbf89b51a5ef0a4292b03"
            ],
            "index": "pypi",
            "version": "==3.1.4"
        },
        "certifi": {
            "hashes": [
                "sha256:017c25db2a153ce562900032d5bc68e9f191e44e9a0f762f373977de9df1fbb3",
                "sha256:25b64c7da4cd7479594d035c08c2d809eb4aab3a26e5a990ea98cc450c320f1f"
            ],
            "version": "==2019.11.28"
=======
            "hashes": [],
            "version": "==1.4.3"
        },
        "bleach": {
            "hashes": [],
            "version": "==3.1.4"
        },
        "certifi": {
            "hashes": [],
            "version": "==2020.4.5.1"
        },
        "cffi": {
            "hashes": [],
            "version": "==1.14.0"
>>>>>>> Updated lock file
        },
        "chardet": {
            "hashes": [],
            "version": "==3.0.4"
        },
        "click": {
<<<<<<< HEAD
            "hashes": [
                "sha256:8a18b4ea89d8820c5d0c7da8a64b2c324b4dabb695804dbfea19b9be9d88c0cc",
                "sha256:e345d143d80bf5ee7534056164e5e112ea5e22716bbb1ce727941f4c8b471b9a"
            ],
            "version": "==7.1.1"
        },
        "colorama": {
            "hashes": [
                "sha256:7d73d2a99753107a36ac6b455ee49046802e59d9d076ef8e47b61499fa29afff",
                "sha256:e96da0d330793e2cb9485e9ddfd918d456036c7149416295932478192f4436a1"
            ],
            "version": "==0.4.3"
        },
        "distlib": {
            "hashes": [
                "sha256:2e166e231a26b36d6dfe35a48c4464346620f8645ed0ace01ee31822b288de21"
            ],
            "version": "==0.3.0"
        },
        "docutils": {
            "hashes": [
                "sha256:0c5b78adfbf7762415433f5515cd5c9e762339e23369dbe8000d84a4bf4ab3af",
                "sha256:c2de3a60e9e7d07be26b7f2b00ca0309c207e06c100f9cc2a94931fc75a478fc"
            ],
=======
            "hashes": [],
            "version": "==7.1.1"
        },
        "click-log": {
            "hashes": [],
            "version": "==0.3.2"
        },
        "cryptography": {
            "hashes": [],
            "version": "==2.9.2"
        },
        "distlib": {
            "hashes": [],
            "version": "==0.3.0"
        },
        "docutils": {
            "hashes": [],
>>>>>>> Updated lock file
            "version": "==0.16"
        },
        "filelock": {
            "hashes": [],
            "version": "==3.0.12"
        },
        "gitdb": {
            "hashes": [],
            "version": "==4.0.4"
        },
        "gitpython": {
<<<<<<< HEAD
            "hashes": [
                "sha256:23b4de99c5fc1564701301cead04e16aa3e47019034668327206d1b52e1e54f7",
                "sha256:838c38d882a97b2fd146dbd4eb9baaf857cb65ebaa64e4c06fca48aaa491e1c6"
            ],
            "version": "==2.1.15"
        },
        "idna": {
            "hashes": [
                "sha256:7588d1c14ae4c77d74036e8c22ff447b26d0fde8f007354fd48a7814db15b7cb",
                "sha256:a068a21ceac8a4d63dbfd964670474107f541babbd2250d61922f029858365fa"
            ],
=======
            "hashes": [],
            "version": "==3.1.1"
        },
        "idna": {
            "hashes": [],
>>>>>>> Updated lock file
            "version": "==2.9"
        },
        "importlib-metadata": {
            "hashes": [],
            "markers": "python_version < '3.8'",
            "version": "==1.6.0"
        },
        "importlib-resources": {
            "hashes": [],
            "markers": "python_version < '3.7'",
            "version": "==1.4.0"
        },
        "importlib-resources": {
            "hashes": [
                "sha256:4019b6a9082d8ada9def02bece4a76b131518866790d58fdda0b5f8c603b36c2",
                "sha256:dd98ceeef3f5ad2ef4cc287b8586da4ebad15877f351e9688987ad663a0a29b8"
            ],
            "markers": "python_version < '3.7'",
            "version": "==1.4.0"
        },
        "invoke": {
<<<<<<< HEAD
            "hashes": [
                "sha256:11c0f24253932839307c26c196312238627479e07d4561f773261a445dd650b9",
                "sha256:24b8d0b5e0bb85dbb0c9eae2101bd6498f835ff26aaeab3a140cfcbf11f7f449"
            ],
            "version": "==0.11.1"
        },
        "ndebug": {
            "hashes": [
                "sha256:6bbaa5f88216959eb4fcb75ec4344ff3d01e13c73f771258ee283a07c9864013",
                "sha256:cc286b22d983e4e05dab3485852c5d0bc642689d246591be4284b3cd5ef2896e"
            ],
            "version": "==0.1.1"
        },
        "packaging": {
            "hashes": [
                "sha256:3c292b474fda1671ec57d46d739d072bfd495a4f51ad01a055121d81e952b7a3",
                "sha256:82f77b9bee21c1bafbf35a84905d604d5d1223801d639cf3ed140bd651c08752"
            ],
=======
            "hashes": [],
            "version": "==1.4.1"
        },
        "jeepney": {
            "hashes": [],
            "markers": "sys_platform == 'linux'",
            "version": "==0.4.3"
        },
        "keyring": {
            "hashes": [],
            "version": "==21.2.0"
        },
        "packaging": {
            "hashes": [],
>>>>>>> Updated lock file
            "version": "==20.3"
        },
        "pkginfo": {
            "hashes": [],
            "version": "==1.5.0.1"
        },
        "pluggy": {
<<<<<<< HEAD
            "hashes": [
                "sha256:15b2acde666561e1298d71b523007ed7364de07029219b604cf808bfa1c765b0",
                "sha256:966c145cd83c96502c3c3868f50408687b38434af77734af1e9ca461a4081d2d"
            ],
            "version": "==0.13.1"
        },
        "py": {
            "hashes": [
                "sha256:5e27081401262157467ad6e7f851b7aa402c5852dbcb3dae06768434de5752aa",
                "sha256:c20fdd83a5dbc0af9efd622bee9a5564e278f6380fffcacc43ba6f43db2813b0"
            ],
            "version": "==1.8.1"
        },
        "pygments": {
            "hashes": [
                "sha256:647344a061c249a3b74e230c739f434d7ea4d8b1d5f3721bc0f3558049b38f44",
                "sha256:ff7a40b4860b727ab48fad6360eb351cc1b33cbf9b15a0f689ca5353e9463324"
            ],
            "version": "==2.6.1"
        },
        "pyparsing": {
            "hashes": [
                "sha256:4c830582a84fb022400b85429791bc551f1f4871c33f23e44f353119e92f969f",
                "sha256:c342dccb5250c08d45fd6f8b4a559613ca603b57498511740e65cd11a2e7dcec"
            ],
            "version": "==2.4.6"
=======
            "hashes": [],
            "version": "==0.13.1"
        },
        "py": {
            "hashes": [],
            "version": "==1.8.1"
        },
        "pycparser": {
            "hashes": [],
            "version": "==2.20"
        },
        "pygments": {
            "hashes": [],
            "version": "==2.6.1"
        },
        "pyparsing": {
            "hashes": [],
            "version": "==2.4.7"
>>>>>>> Updated lock file
        },
        "python-gitlab": {
            "hashes": [],
            "version": "==1.15.0"
        },
        "python-semantic-release": {
            "hashes": [],
            "version": "==6.0.1"
        },
        "readme-renderer": {
<<<<<<< HEAD
            "hashes": [
                "sha256:1b6d8dd1673a0b293766b4106af766b6eff3654605f9c4f239e65de6076bc222",
                "sha256:e67d64242f0174a63c3b727801a2fff4c1f38ebe5d71d95ff7ece081945a6cd4"
            ],
            "version": "==25.0"
        },
        "requests": {
            "hashes": [
                "sha256:43999036bfa82904b6af1d99e4882b560e5e2c68e5c4b0aa03b655f3d7d73fee",
                "sha256:b3f43d496c6daba4493e7c431722aeb7dbc6288f52a6e04e7b6023b0247817e6"
            ],
=======
            "hashes": [],
            "version": "==26.0"
        },
        "requests": {
            "hashes": [],
>>>>>>> Updated lock file
            "version": "==2.23.0"
        },
        "requests-toolbelt": {
            "hashes": [],
            "version": "==0.9.1"
        },
        "secretstorage": {
            "hashes": [],
            "markers": "sys_platform == 'linux'",
            "version": "==3.1.2"
        },
        "semver": {
<<<<<<< HEAD
            "hashes": [
                "sha256:095c3cba6d5433f21451101463b22cf831fe6996fcc8a603407fd8bea54f116b",
                "sha256:723be40c74b6468861e0e3dbb80a41fc3b171a2a45bf956c245304773dc06055"
            ],
            "version": "==2.9.1"
        },
        "six": {
            "hashes": [
                "sha256:236bdbdce46e6e6a3d61a337c0f8b763ca1e8717c03b369e87a7ec7ce1319c0a",
                "sha256:8f3cd2e254d8f793e7f3d6d9df77b92252b52637291d0f0da013c76ea2724b6c"
            ],
            "version": "==1.14.0"
        },
        "smmap": {
            "hashes": [
                "sha256:171484fe62793e3626c8b05dd752eb2ca01854b0c55a1efc0dc4210fccb65446",
                "sha256:5fead614cf2de17ee0707a8c6a5f2aa5a2fc6c698c70993ba42f515485ffda78"
            ],
            "version": "==3.0.1"
        },
        "smmap2": {
            "hashes": [
                "sha256:0cb6ea470b1ad9a65a02ca7f4c7ae601861f7dd24a43812ca51cfca2892bb524",
                "sha256:44cc8bdaf96442dbb9a8e2e14377d074b3d0eea292eee3c95c8c449b6c92c557"
            ],
            "version": "==3.0.1"
=======
            "hashes": [],
            "version": "==2.9.1"
        },
        "six": {
            "hashes": [],
            "version": "==1.14.0"
        },
        "smmap": {
            "hashes": [],
            "version": "==3.0.2"
>>>>>>> Updated lock file
        },
        "toml": {
            "hashes": [],
            "version": "==0.10.0"
        },
        "tox": {
            "hashes": [],
            "version": "==3.14.6"
        },
        "tqdm": {
<<<<<<< HEAD
            "hashes": [
                "sha256:03d2366c64d44c7f61e74c700d9b202d57e9efe355ea5c28814c52bfe7a50b8c",
                "sha256:be5ddeec77d78ba781ea41eacb2358a77f74cc2407f54b82222d7ee7dc8c8ccf"
            ],
            "version": "==4.44.1"
=======
            "hashes": [],
            "version": "==4.45.0"
>>>>>>> Updated lock file
        },
        "twine": {
            "hashes": [],
            "version": "==3.1.1"
        },
        "urllib3": {
<<<<<<< HEAD
            "hashes": [
                "sha256:2f3db8b19923a873b3e5256dc9c2dedfa883e33d87c690d9c7913e1f40673cdc",
                "sha256:87716c2d2a7121198ebcb7ce7cccf6ce5e9ba539041cfbaeecfb641dc0bf6acc"
            ],
            "version": "==1.25.8"
        },
        "virtualenv": {
            "hashes": [
                "sha256:4e399f48c6b71228bf79f5febd27e3bbb753d9d5905776a86667bc61ab628a25",
                "sha256:9e81279f4a9d16d1c0654a127c2c86e5bca2073585341691882c1e66e31ef8a5"
            ],
            "version": "==20.0.15"
=======
            "hashes": [],
            "version": "==1.25.9"
        },
        "virtualenv": {
            "hashes": [],
            "version": "==20.0.18"
>>>>>>> Updated lock file
        },
        "webencodings": {
            "hashes": [],
            "version": "==0.5.1"
        },
        "wheel": {
            "hashes": [],
            "version": "==0.34.2"
        },
        "zipp": {
<<<<<<< HEAD
            "hashes": [
                "sha256:aa36550ff0c0b7ef7fa639055d797116ee891440eac1a56f378e2d3179e0320b",
                "sha256:c599e4d75c98f6798c509911d08a22e6c021d074469042177c8c86fb92eefd96"
            ],
=======
            "hashes": [],
>>>>>>> Updated lock file
            "markers": "python_version < '3.8'",
            "version": "==3.1.0"
        }
    }
}
